
Microsoft Visual Studio Solution File, Format Version 12.00
# Visual Studio 2013
VisualStudioVersion = 12.0.31101.0
MinimumVisualStudioVersion = 10.0.40219.1
Project("{2150E333-8FDC-42A3-9474-1A3956D46DE8}") = "Core", "Core", "{A9F85E6A-18F8-4AF5-8752-2A017D0B916A}"
EndProject
Project("{2150E333-8FDC-42A3-9474-1A3956D46DE8}") = "WebServices", "WebServices", "{F6C3E70A-9A59-46E9-BF07-EF71D09E1D5A}"
EndProject
Project("{FAE04EC0-301F-11D3-BF4B-00C04F79EFBC}") = "ClienteOCR", "ClienteOCR\ClienteOCR.csproj", "{52946175-4D1A-46B7-AE57-7FA933B9C95A}"
EndProject
Project("{FAE04EC0-301F-11D3-BF4B-00C04F79EFBC}") = "TestesManuais", "TestesManuais\TestesManuais.csproj", "{86D1A1CE-5B2B-4D02-8527-8D1D0450285F}"
EndProject
Project("{FAE04EC0-301F-11D3-BF4B-00C04F79EFBC}") = "Common", "Core\Common\Common.csproj", "{E511F63F-F352-400D-9DEB-7931E3E3A2E0}"
EndProject
Project("{FAE04EC0-301F-11D3-BF4B-00C04F79EFBC}") = "Data", "Core\Data\Data.csproj", "{A7B2066A-3A1B-48C7-B264-2B9322F6ACB1}"
EndProject
Project("{FAE04EC0-301F-11D3-BF4B-00C04F79EFBC}") = "Logic", "Core\Logic\Logic.csproj", "{ADF52F5A-5091-4121-9AD7-DCBB5BD23498}"
EndProject
Project("{FAE04EC0-301F-11D3-BF4B-00C04F79EFBC}") = "WebAM", "WebServices\WebAM\WebAM.csproj", "{465CFA73-287B-4371-8F52-7A00E4FC32E3}"
EndProject
Project("{FAE04EC0-301F-11D3-BF4B-00C04F79EFBC}") = "WebCA", "WebServices\WebCA\WebCA.csproj", "{1F36C2CA-B998-430F-B4D3-4FFDCC917B22}"
EndProject
Project("{FAE04EC0-301F-11D3-BF4B-00C04F79EFBC}") = "WebCM", "WebServices\WebCM\WebCM.csproj", "{F3BEF819-1614-4941-A45A-FD4878DA8775}"
EndProject
Project("{FAE04EC0-301F-11D3-BF4B-00C04F79EFBC}") = "WebCommon", "WebServices\WebCommon\WebCommon.csproj", "{4B3F3B61-DB4C-4DB5-AD1F-F32D541D4C90}"
EndProject
Project("{FAE04EC0-301F-11D3-BF4B-00C04F79EFBC}") = "WebCRJ", "WebServices\WebCRJ\WebCRJ.csproj", "{8B0ED599-0FB5-4814-819A-B2E4EEC19D28}"
EndProject
Project("{FAE04EC0-301F-11D3-BF4B-00C04F79EFBC}") = "WebGateway", "WebServices\WebGateway\WebGateway.csproj", "{3DEE6F0F-C5F7-4F1C-A4EA-65E00331DD4C}"
	ProjectSection(ProjectDependencies) = postProject
		{EE581504-4D07-4B80-A667-78610D270A30} = {EE581504-4D07-4B80-A667-78610D270A30}
	EndProjectSection
EndProject
Project("{FAE04EC0-301F-11D3-BF4B-00C04F79EFBC}") = "WebMG", "WebServices\WebMG\WebMG.csproj", "{66777EB9-0571-4192-8218-5EF048033D22}"
EndProject
Project("{FAE04EC0-301F-11D3-BF4B-00C04F79EFBC}") = "WebNFE", "WebServices\WebNFE\WebNFE.csproj", "{88674B55-283C-48A2-929F-3B3748B85E7E}"
EndProject
Project("{FAE04EC0-301F-11D3-BF4B-00C04F79EFBC}") = "WebRJ", "WebServices\WebRJ\WebRJ.csproj", "{46281C29-CE39-4EAC-A55B-35B1DFDB1058}"
EndProject
Project("{FAE04EC0-301F-11D3-BF4B-00C04F79EFBC}") = "WebSI", "WebServices\WebSI\WebSI.csproj", "{748D8A85-EDE7-4932-8B53-39B3AD4A99CC}"
EndProject
Project("{FAE04EC0-301F-11D3-BF4B-00C04F79EFBC}") = "WebSP", "WebServices\WebSP\WebSP.csproj", "{1F0C37DD-31AF-4E16-B232-352A68C47C1A}"
EndProject
Project("{FAE04EC0-301F-11D3-BF4B-00C04F79EFBC}") = "WebRF", "WebServices\WebRF\WebRF.csproj", "{0CE79006-9DF8-4EE5-8AF5-9A81EB2512B0}"
EndProject
Project("{FAE04EC0-301F-11D3-BF4B-00C04F79EFBC}") = "PredictTests", "IntegrationTests\PredictTests.csproj", "{E376048F-72B5-4199-9882-E73E16B22C26}"
EndProject
Project("{2150E333-8FDC-42A3-9474-1A3956D46DE8}") = "Samples", "Samples", "{07C4CAFE-930E-4302-8D24-2F93B64CB09A}"
EndProject
Project("{2150E333-8FDC-42A3-9474-1A3956D46DE8}") = "CaptchaRF", "CaptchaRF", "{BF7C9DF4-C013-462E-955C-8869CD2B67F5}"
	ProjectSection(SolutionItems) = preProject
		Samples\CaptchaRF\001.png = Samples\CaptchaRF\001.png
		Samples\CaptchaRF\002.png = Samples\CaptchaRF\002.png
	EndProjectSection
EndProject
Project("{2150E333-8FDC-42A3-9474-1A3956D46DE8}") = "CaptchaRJ", "CaptchaRJ", "{A6F16937-CF34-47D4-8348-5EE9D52582F7}"
	ProjectSection(SolutionItems) = preProject
		Samples\CaptchaRJ\001.png = Samples\CaptchaRJ\001.png
		Samples\CaptchaRJ\002.png = Samples\CaptchaRJ\002.png
	EndProjectSection
EndProject
Project("{2150E333-8FDC-42A3-9474-1A3956D46DE8}") = "CaptchaSP", "CaptchaSP", "{86DF5B9E-0BBA-4CF6-B840-C583637BCB6B}"
	ProjectSection(SolutionItems) = preProject
		Samples\CaptchaSP\001.png = Samples\CaptchaSP\001.png
		Samples\CaptchaSP\002.png = Samples\CaptchaSP\002.png
	EndProjectSection
EndProject
Project("{2150E333-8FDC-42A3-9474-1A3956D46DE8}") = "CaptchaMG", "CaptchaMG", "{BBD07614-F6C4-4181-B415-4ACA15907801}"
	ProjectSection(SolutionItems) = preProject
		Samples\CaptchaMG\001.png = Samples\CaptchaMG\001.png
		Samples\CaptchaMG\002.png = Samples\CaptchaMG\002.png
	EndProjectSection
EndProject
Project("{2150E333-8FDC-42A3-9474-1A3956D46DE8}") = "CaptchaNFE", "CaptchaNFE", "{BC7B15F6-F33D-4B64-B5E0-E61B6B80FECC}"
	ProjectSection(SolutionItems) = preProject
		Samples\CaptchaNFE\001.png = Samples\CaptchaNFE\001.png
		Samples\CaptchaNFE\002.png = Samples\CaptchaNFE\002.png
	EndProjectSection
EndProject
Project("{2150E333-8FDC-42A3-9474-1A3956D46DE8}") = "Setup", "Setup", "{8035049A-40F1-4ECC-8B79-3CF23A0194C5}"
	ProjectSection(SolutionItems) = preProject
		ElmahDatabaseScript.sql = ElmahDatabaseScript.sql
		Core\Data\OcrDB.edmx.sql = Core\Data\OcrDB.edmx.sql
		Readme.txt = Readme.txt
	EndProjectSection
EndProject
Project("{FAE04EC0-301F-11D3-BF4B-00C04F79EFBC}") = "WebRF3", "WebServices\WebRF3\WebRF3.csproj", "{EE581504-4D07-4B80-A667-78610D270A30}"
EndProject
Project("{FAE04EC0-301F-11D3-BF4B-00C04F79EFBC}") = "WebTJMG", "WebServices\WebTJMG\WebTJMG.csproj", "{8E38F997-A5D2-4541-BC0E-D06B2180E5A6}"
EndProject
Project("{FAE04EC0-301F-11D3-BF4B-00C04F79EFBC}") = "WebTJPE", "WebServices\WebTJPE\WebTJPE.csproj", "{81FDFC33-AD86-48C7-9952-0676E554B904}"
EndProject
Project("{FAE04EC0-301F-11D3-BF4B-00C04F79EFBC}") = "WebESAJ", "WebServices\WebESAJ\WebESAJ.csproj", "{E99B073A-8236-4D0E-B1B2-96E120136513}"
EndProject
Project("{FAE04EC0-301F-11D3-BF4B-00C04F79EFBC}") = "WebPJE", "WebServices\WebPJE\WebPJE.csproj", "{B0CE50D2-3BEF-4C16-8576-046A4E868AD1}"
EndProject
Project("{FAE04EC0-301F-11D3-BF4B-00C04F79EFBC}") = "WebTRTSP", "WebServices\WebTRTSP\WebTRTSP.csproj", "{49D6240E-FE55-4846-A016-FF74C0B5D6A1}"
EndProject
Project("{2150E333-8FDC-42A3-9474-1A3956D46DE8}") = "CaptchaESAJ", "CaptchaESAJ", "{DA144981-7E4F-4D7A-A72C-EDFE92527DEB}"
	ProjectSection(SolutionItems) = preProject
		Samples\CaptchaESAJ\001.png = Samples\CaptchaESAJ\001.png
		Samples\CaptchaESAJ\002.png = Samples\CaptchaESAJ\002.png
	EndProjectSection
EndProject
Project("{2150E333-8FDC-42A3-9474-1A3956D46DE8}") = "CaptchaPJE", "CaptchaPJE", "{AD732A6C-4BAE-49ED-A82B-842B31389B5D}"
	ProjectSection(SolutionItems) = preProject
		Samples\CaptchaPJE\001.png = Samples\CaptchaPJE\001.png
		Samples\CaptchaPJE\002.png = Samples\CaptchaPJE\002.png
	EndProjectSection
EndProject
Project("{2150E333-8FDC-42A3-9474-1A3956D46DE8}") = "CaptchaTRTSP", "CaptchaTRTSP", "{BBEE937B-B70D-4F84-84A5-8A77A6DE4556}"
	ProjectSection(SolutionItems) = preProject
		Samples\CaptchaTRTSP\001.png = Samples\CaptchaTRTSP\001.png
		Samples\CaptchaTRTSP\002.png = Samples\CaptchaTRTSP\002.png
	EndProjectSection
EndProject
Project("{2150E333-8FDC-42A3-9474-1A3956D46DE8}") = "CaptchaTJPE", "CaptchaTJPE", "{D8D738A3-85AD-417E-8049-3B060A464E36}"
	ProjectSection(SolutionItems) = preProject
		Samples\CaptchaTJPE\001.png = Samples\CaptchaTJPE\001.png
		Samples\CaptchaTJPE\002.png = Samples\CaptchaTJPE\002.png
	EndProjectSection
EndProject
Project("{2150E333-8FDC-42A3-9474-1A3956D46DE8}") = "Tests", "Tests", "{1294999D-E392-4DDF-A6DE-C9E0EB300230}"
EndProject
Project("{FAE04EC0-301F-11D3-BF4B-00C04F79EFBC}") = "WebservicesTest", "WebservicesTest\WebservicesTest.csproj", "{1620D447-0768-40F6-B755-B420ED6A731C}"
EndProject
Project("{FAE04EC0-301F-11D3-BF4B-00C04F79EFBC}") = "WebRF4", "WebServices\WebRF4\WebRF4.csproj", "{9269DB2B-0CB2-4584-A08A-D6080F42F732}"
EndProject
Project("{2150E333-8FDC-42A3-9474-1A3956D46DE8}") = "CaptchaRF4", "CaptchaRF4", "{0644FF2A-94B6-41CD-84EA-1DF1D3B7B8E3}"
	ProjectSection(SolutionItems) = preProject
		Samples\CaptchaRF4\001.png = Samples\CaptchaRF4\001.png
		Samples\CaptchaRF4\002.png = Samples\CaptchaRF4\002.png
		Samples\CaptchaRF4\003.png = Samples\CaptchaRF4\003.png
	EndProjectSection
EndProject
Project("{2150E333-8FDC-42A3-9474-1A3956D46DE8}") = "CaptchaProjudiAM", "CaptchaProjudiAM", "{E41FE476-D1AC-43F0-AE06-428C5975BCD6}"
	ProjectSection(SolutionItems) = preProject
		Samples\CaptchaProjudiAM\001.png = Samples\CaptchaProjudiAM\001.png
		Samples\CaptchaProjudiAM\002.png = Samples\CaptchaProjudiAM\002.png
		Samples\CaptchaProjudiAM\003.png = Samples\CaptchaProjudiAM\003.png
	EndProjectSection
EndProject
Global
	GlobalSection(SolutionConfigurationPlatforms) = preSolution
		Debug|Any CPU = Debug|Any CPU
		Debug|Mixed Platforms = Debug|Mixed Platforms
		Debug|x86 = Debug|x86
		Release|Any CPU = Release|Any CPU
		Release|Mixed Platforms = Release|Mixed Platforms
		Release|x86 = Release|x86
	EndGlobalSection
	GlobalSection(ProjectConfigurationPlatforms) = postSolution
		{52946175-4D1A-46B7-AE57-7FA933B9C95A}.Debug|Any CPU.ActiveCfg = Debug|x86
		{52946175-4D1A-46B7-AE57-7FA933B9C95A}.Debug|Mixed Platforms.ActiveCfg = Debug|x86
		{52946175-4D1A-46B7-AE57-7FA933B9C95A}.Debug|Mixed Platforms.Build.0 = Debug|x86
		{52946175-4D1A-46B7-AE57-7FA933B9C95A}.Debug|x86.ActiveCfg = Debug|x86
		{52946175-4D1A-46B7-AE57-7FA933B9C95A}.Debug|x86.Build.0 = Debug|x86
		{52946175-4D1A-46B7-AE57-7FA933B9C95A}.Release|Any CPU.ActiveCfg = Release|x86
		{52946175-4D1A-46B7-AE57-7FA933B9C95A}.Release|Mixed Platforms.ActiveCfg = Release|x86
		{52946175-4D1A-46B7-AE57-7FA933B9C95A}.Release|Mixed Platforms.Build.0 = Release|x86
		{52946175-4D1A-46B7-AE57-7FA933B9C95A}.Release|x86.ActiveCfg = Release|x86
		{52946175-4D1A-46B7-AE57-7FA933B9C95A}.Release|x86.Build.0 = Release|x86
		{86D1A1CE-5B2B-4D02-8527-8D1D0450285F}.Debug|Any CPU.ActiveCfg = Debug|x86
		{86D1A1CE-5B2B-4D02-8527-8D1D0450285F}.Debug|Mixed Platforms.ActiveCfg = Debug|x86
		{86D1A1CE-5B2B-4D02-8527-8D1D0450285F}.Debug|Mixed Platforms.Build.0 = Debug|x86
		{86D1A1CE-5B2B-4D02-8527-8D1D0450285F}.Debug|x86.ActiveCfg = Debug|x86
		{86D1A1CE-5B2B-4D02-8527-8D1D0450285F}.Debug|x86.Build.0 = Debug|x86
		{86D1A1CE-5B2B-4D02-8527-8D1D0450285F}.Release|Any CPU.ActiveCfg = Release|x86
		{86D1A1CE-5B2B-4D02-8527-8D1D0450285F}.Release|Mixed Platforms.ActiveCfg = Release|x86
		{86D1A1CE-5B2B-4D02-8527-8D1D0450285F}.Release|Mixed Platforms.Build.0 = Release|x86
		{86D1A1CE-5B2B-4D02-8527-8D1D0450285F}.Release|x86.ActiveCfg = Release|x86
		{86D1A1CE-5B2B-4D02-8527-8D1D0450285F}.Release|x86.Build.0 = Release|x86
		{E511F63F-F352-400D-9DEB-7931E3E3A2E0}.Debug|Any CPU.ActiveCfg = Debug|Any CPU
		{E511F63F-F352-400D-9DEB-7931E3E3A2E0}.Debug|Any CPU.Build.0 = Debug|Any CPU
		{E511F63F-F352-400D-9DEB-7931E3E3A2E0}.Debug|Mixed Platforms.ActiveCfg = Debug|Any CPU
		{E511F63F-F352-400D-9DEB-7931E3E3A2E0}.Debug|Mixed Platforms.Build.0 = Debug|Any CPU
		{E511F63F-F352-400D-9DEB-7931E3E3A2E0}.Debug|x86.ActiveCfg = Debug|Any CPU
		{E511F63F-F352-400D-9DEB-7931E3E3A2E0}.Release|Any CPU.ActiveCfg = Release|Any CPU
		{E511F63F-F352-400D-9DEB-7931E3E3A2E0}.Release|Any CPU.Build.0 = Release|Any CPU
		{E511F63F-F352-400D-9DEB-7931E3E3A2E0}.Release|Mixed Platforms.ActiveCfg = Release|Any CPU
		{E511F63F-F352-400D-9DEB-7931E3E3A2E0}.Release|Mixed Platforms.Build.0 = Release|Any CPU
		{E511F63F-F352-400D-9DEB-7931E3E3A2E0}.Release|x86.ActiveCfg = Release|Any CPU
		{A7B2066A-3A1B-48C7-B264-2B9322F6ACB1}.Debug|Any CPU.ActiveCfg = Debug|Any CPU
		{A7B2066A-3A1B-48C7-B264-2B9322F6ACB1}.Debug|Any CPU.Build.0 = Debug|Any CPU
		{A7B2066A-3A1B-48C7-B264-2B9322F6ACB1}.Debug|Mixed Platforms.ActiveCfg = Debug|Any CPU
		{A7B2066A-3A1B-48C7-B264-2B9322F6ACB1}.Debug|Mixed Platforms.Build.0 = Debug|Any CPU
		{A7B2066A-3A1B-48C7-B264-2B9322F6ACB1}.Debug|x86.ActiveCfg = Debug|Any CPU
		{A7B2066A-3A1B-48C7-B264-2B9322F6ACB1}.Release|Any CPU.ActiveCfg = Release|Any CPU
		{A7B2066A-3A1B-48C7-B264-2B9322F6ACB1}.Release|Any CPU.Build.0 = Release|Any CPU
		{A7B2066A-3A1B-48C7-B264-2B9322F6ACB1}.Release|Mixed Platforms.ActiveCfg = Release|Any CPU
		{A7B2066A-3A1B-48C7-B264-2B9322F6ACB1}.Release|Mixed Platforms.Build.0 = Release|Any CPU
		{A7B2066A-3A1B-48C7-B264-2B9322F6ACB1}.Release|x86.ActiveCfg = Release|Any CPU
		{ADF52F5A-5091-4121-9AD7-DCBB5BD23498}.Debug|Any CPU.ActiveCfg = Debug|Any CPU
		{ADF52F5A-5091-4121-9AD7-DCBB5BD23498}.Debug|Any CPU.Build.0 = Debug|Any CPU
		{ADF52F5A-5091-4121-9AD7-DCBB5BD23498}.Debug|Mixed Platforms.ActiveCfg = Debug|Any CPU
		{ADF52F5A-5091-4121-9AD7-DCBB5BD23498}.Debug|Mixed Platforms.Build.0 = Debug|Any CPU
		{ADF52F5A-5091-4121-9AD7-DCBB5BD23498}.Debug|x86.ActiveCfg = Debug|Any CPU
		{ADF52F5A-5091-4121-9AD7-DCBB5BD23498}.Release|Any CPU.ActiveCfg = Release|Any CPU
		{ADF52F5A-5091-4121-9AD7-DCBB5BD23498}.Release|Any CPU.Build.0 = Release|Any CPU
		{ADF52F5A-5091-4121-9AD7-DCBB5BD23498}.Release|Mixed Platforms.ActiveCfg = Release|Any CPU
		{ADF52F5A-5091-4121-9AD7-DCBB5BD23498}.Release|Mixed Platforms.Build.0 = Release|Any CPU
		{ADF52F5A-5091-4121-9AD7-DCBB5BD23498}.Release|x86.ActiveCfg = Release|Any CPU
		{465CFA73-287B-4371-8F52-7A00E4FC32E3}.Debug|Any CPU.ActiveCfg = Debug|Any CPU
		{465CFA73-287B-4371-8F52-7A00E4FC32E3}.Debug|Any CPU.Build.0 = Debug|Any CPU
		{465CFA73-287B-4371-8F52-7A00E4FC32E3}.Debug|Mixed Platforms.ActiveCfg = Debug|Any CPU
		{465CFA73-287B-4371-8F52-7A00E4FC32E3}.Debug|Mixed Platforms.Build.0 = Debug|Any CPU
		{465CFA73-287B-4371-8F52-7A00E4FC32E3}.Debug|x86.ActiveCfg = Debug|Any CPU
		{465CFA73-287B-4371-8F52-7A00E4FC32E3}.Release|Any CPU.ActiveCfg = Release|Any CPU
		{465CFA73-287B-4371-8F52-7A00E4FC32E3}.Release|Any CPU.Build.0 = Release|Any CPU
		{465CFA73-287B-4371-8F52-7A00E4FC32E3}.Release|Mixed Platforms.ActiveCfg = Release|Any CPU
		{465CFA73-287B-4371-8F52-7A00E4FC32E3}.Release|Mixed Platforms.Build.0 = Release|Any CPU
		{465CFA73-287B-4371-8F52-7A00E4FC32E3}.Release|x86.ActiveCfg = Release|Any CPU
		{1F36C2CA-B998-430F-B4D3-4FFDCC917B22}.Debug|Any CPU.ActiveCfg = Debug|Any CPU
		{1F36C2CA-B998-430F-B4D3-4FFDCC917B22}.Debug|Any CPU.Build.0 = Debug|Any CPU
		{1F36C2CA-B998-430F-B4D3-4FFDCC917B22}.Debug|Mixed Platforms.ActiveCfg = Debug|Any CPU
		{1F36C2CA-B998-430F-B4D3-4FFDCC917B22}.Debug|Mixed Platforms.Build.0 = Debug|Any CPU
		{1F36C2CA-B998-430F-B4D3-4FFDCC917B22}.Debug|x86.ActiveCfg = Debug|Any CPU
		{1F36C2CA-B998-430F-B4D3-4FFDCC917B22}.Release|Any CPU.ActiveCfg = Release|Any CPU
		{1F36C2CA-B998-430F-B4D3-4FFDCC917B22}.Release|Any CPU.Build.0 = Release|Any CPU
		{1F36C2CA-B998-430F-B4D3-4FFDCC917B22}.Release|Mixed Platforms.ActiveCfg = Release|Any CPU
		{1F36C2CA-B998-430F-B4D3-4FFDCC917B22}.Release|Mixed Platforms.Build.0 = Release|Any CPU
		{1F36C2CA-B998-430F-B4D3-4FFDCC917B22}.Release|x86.ActiveCfg = Release|Any CPU
		{F3BEF819-1614-4941-A45A-FD4878DA8775}.Debug|Any CPU.ActiveCfg = Debug|Any CPU
		{F3BEF819-1614-4941-A45A-FD4878DA8775}.Debug|Any CPU.Build.0 = Debug|Any CPU
		{F3BEF819-1614-4941-A45A-FD4878DA8775}.Debug|Mixed Platforms.ActiveCfg = Debug|Any CPU
		{F3BEF819-1614-4941-A45A-FD4878DA8775}.Debug|Mixed Platforms.Build.0 = Debug|Any CPU
		{F3BEF819-1614-4941-A45A-FD4878DA8775}.Debug|x86.ActiveCfg = Debug|Any CPU
		{F3BEF819-1614-4941-A45A-FD4878DA8775}.Release|Any CPU.ActiveCfg = Release|Any CPU
		{F3BEF819-1614-4941-A45A-FD4878DA8775}.Release|Any CPU.Build.0 = Release|Any CPU
		{F3BEF819-1614-4941-A45A-FD4878DA8775}.Release|Mixed Platforms.ActiveCfg = Release|Any CPU
		{F3BEF819-1614-4941-A45A-FD4878DA8775}.Release|Mixed Platforms.Build.0 = Release|Any CPU
		{F3BEF819-1614-4941-A45A-FD4878DA8775}.Release|x86.ActiveCfg = Release|Any CPU
		{4B3F3B61-DB4C-4DB5-AD1F-F32D541D4C90}.Debug|Any CPU.ActiveCfg = Debug|Any CPU
		{4B3F3B61-DB4C-4DB5-AD1F-F32D541D4C90}.Debug|Any CPU.Build.0 = Debug|Any CPU
		{4B3F3B61-DB4C-4DB5-AD1F-F32D541D4C90}.Debug|Mixed Platforms.ActiveCfg = Debug|Any CPU
		{4B3F3B61-DB4C-4DB5-AD1F-F32D541D4C90}.Debug|Mixed Platforms.Build.0 = Debug|Any CPU
		{4B3F3B61-DB4C-4DB5-AD1F-F32D541D4C90}.Debug|x86.ActiveCfg = Debug|Any CPU
		{4B3F3B61-DB4C-4DB5-AD1F-F32D541D4C90}.Release|Any CPU.ActiveCfg = Release|Any CPU
		{4B3F3B61-DB4C-4DB5-AD1F-F32D541D4C90}.Release|Any CPU.Build.0 = Release|Any CPU
		{4B3F3B61-DB4C-4DB5-AD1F-F32D541D4C90}.Release|Mixed Platforms.ActiveCfg = Release|Any CPU
		{4B3F3B61-DB4C-4DB5-AD1F-F32D541D4C90}.Release|Mixed Platforms.Build.0 = Release|Any CPU
		{4B3F3B61-DB4C-4DB5-AD1F-F32D541D4C90}.Release|x86.ActiveCfg = Release|Any CPU
		{8B0ED599-0FB5-4814-819A-B2E4EEC19D28}.Debug|Any CPU.ActiveCfg = Debug|Any CPU
		{8B0ED599-0FB5-4814-819A-B2E4EEC19D28}.Debug|Any CPU.Build.0 = Debug|Any CPU
		{8B0ED599-0FB5-4814-819A-B2E4EEC19D28}.Debug|Mixed Platforms.ActiveCfg = Debug|Any CPU
		{8B0ED599-0FB5-4814-819A-B2E4EEC19D28}.Debug|Mixed Platforms.Build.0 = Debug|Any CPU
		{8B0ED599-0FB5-4814-819A-B2E4EEC19D28}.Debug|x86.ActiveCfg = Debug|Any CPU
		{8B0ED599-0FB5-4814-819A-B2E4EEC19D28}.Release|Any CPU.ActiveCfg = Release|Any CPU
		{8B0ED599-0FB5-4814-819A-B2E4EEC19D28}.Release|Any CPU.Build.0 = Release|Any CPU
		{8B0ED599-0FB5-4814-819A-B2E4EEC19D28}.Release|Mixed Platforms.ActiveCfg = Release|Any CPU
		{8B0ED599-0FB5-4814-819A-B2E4EEC19D28}.Release|Mixed Platforms.Build.0 = Release|Any CPU
		{8B0ED599-0FB5-4814-819A-B2E4EEC19D28}.Release|x86.ActiveCfg = Release|Any CPU
		{3DEE6F0F-C5F7-4F1C-A4EA-65E00331DD4C}.Debug|Any CPU.ActiveCfg = Debug|Any CPU
		{3DEE6F0F-C5F7-4F1C-A4EA-65E00331DD4C}.Debug|Any CPU.Build.0 = Debug|Any CPU
		{3DEE6F0F-C5F7-4F1C-A4EA-65E00331DD4C}.Debug|Mixed Platforms.ActiveCfg = Debug|Any CPU
		{3DEE6F0F-C5F7-4F1C-A4EA-65E00331DD4C}.Debug|Mixed Platforms.Build.0 = Debug|Any CPU
		{3DEE6F0F-C5F7-4F1C-A4EA-65E00331DD4C}.Debug|x86.ActiveCfg = Debug|Any CPU
		{3DEE6F0F-C5F7-4F1C-A4EA-65E00331DD4C}.Release|Any CPU.ActiveCfg = Release|Any CPU
		{3DEE6F0F-C5F7-4F1C-A4EA-65E00331DD4C}.Release|Any CPU.Build.0 = Release|Any CPU
		{3DEE6F0F-C5F7-4F1C-A4EA-65E00331DD4C}.Release|Mixed Platforms.ActiveCfg = Release|Any CPU
		{3DEE6F0F-C5F7-4F1C-A4EA-65E00331DD4C}.Release|Mixed Platforms.Build.0 = Release|Any CPU
		{3DEE6F0F-C5F7-4F1C-A4EA-65E00331DD4C}.Release|x86.ActiveCfg = Release|Any CPU
		{66777EB9-0571-4192-8218-5EF048033D22}.Debug|Any CPU.ActiveCfg = Debug|Any CPU
		{66777EB9-0571-4192-8218-5EF048033D22}.Debug|Any CPU.Build.0 = Debug|Any CPU
		{66777EB9-0571-4192-8218-5EF048033D22}.Debug|Mixed Platforms.ActiveCfg = Debug|Any CPU
		{66777EB9-0571-4192-8218-5EF048033D22}.Debug|Mixed Platforms.Build.0 = Debug|Any CPU
		{66777EB9-0571-4192-8218-5EF048033D22}.Debug|x86.ActiveCfg = Debug|Any CPU
		{66777EB9-0571-4192-8218-5EF048033D22}.Release|Any CPU.ActiveCfg = Release|Any CPU
		{66777EB9-0571-4192-8218-5EF048033D22}.Release|Any CPU.Build.0 = Release|Any CPU
		{66777EB9-0571-4192-8218-5EF048033D22}.Release|Mixed Platforms.ActiveCfg = Release|Any CPU
		{66777EB9-0571-4192-8218-5EF048033D22}.Release|Mixed Platforms.Build.0 = Release|Any CPU
		{66777EB9-0571-4192-8218-5EF048033D22}.Release|x86.ActiveCfg = Release|Any CPU
		{88674B55-283C-48A2-929F-3B3748B85E7E}.Debug|Any CPU.ActiveCfg = Debug|Any CPU
		{88674B55-283C-48A2-929F-3B3748B85E7E}.Debug|Any CPU.Build.0 = Debug|Any CPU
		{88674B55-283C-48A2-929F-3B3748B85E7E}.Debug|Mixed Platforms.ActiveCfg = Debug|Any CPU
		{88674B55-283C-48A2-929F-3B3748B85E7E}.Debug|Mixed Platforms.Build.0 = Debug|Any CPU
		{88674B55-283C-48A2-929F-3B3748B85E7E}.Debug|x86.ActiveCfg = Debug|Any CPU
		{88674B55-283C-48A2-929F-3B3748B85E7E}.Release|Any CPU.ActiveCfg = Release|Any CPU
		{88674B55-283C-48A2-929F-3B3748B85E7E}.Release|Any CPU.Build.0 = Release|Any CPU
		{88674B55-283C-48A2-929F-3B3748B85E7E}.Release|Mixed Platforms.ActiveCfg = Release|Any CPU
		{88674B55-283C-48A2-929F-3B3748B85E7E}.Release|Mixed Platforms.Build.0 = Release|Any CPU
		{88674B55-283C-48A2-929F-3B3748B85E7E}.Release|x86.ActiveCfg = Release|Any CPU
		{46281C29-CE39-4EAC-A55B-35B1DFDB1058}.Debug|Any CPU.ActiveCfg = Debug|Any CPU
		{46281C29-CE39-4EAC-A55B-35B1DFDB1058}.Debug|Any CPU.Build.0 = Debug|Any CPU
		{46281C29-CE39-4EAC-A55B-35B1DFDB1058}.Debug|Mixed Platforms.ActiveCfg = Debug|Any CPU
		{46281C29-CE39-4EAC-A55B-35B1DFDB1058}.Debug|Mixed Platforms.Build.0 = Debug|Any CPU
		{46281C29-CE39-4EAC-A55B-35B1DFDB1058}.Debug|x86.ActiveCfg = Debug|Any CPU
		{46281C29-CE39-4EAC-A55B-35B1DFDB1058}.Release|Any CPU.ActiveCfg = Release|Any CPU
		{46281C29-CE39-4EAC-A55B-35B1DFDB1058}.Release|Any CPU.Build.0 = Release|Any CPU
		{46281C29-CE39-4EAC-A55B-35B1DFDB1058}.Release|Mixed Platforms.ActiveCfg = Release|Any CPU
		{46281C29-CE39-4EAC-A55B-35B1DFDB1058}.Release|Mixed Platforms.Build.0 = Release|Any CPU
		{46281C29-CE39-4EAC-A55B-35B1DFDB1058}.Release|x86.ActiveCfg = Release|Any CPU
		{748D8A85-EDE7-4932-8B53-39B3AD4A99CC}.Debug|Any CPU.ActiveCfg = Debug|Any CPU
		{748D8A85-EDE7-4932-8B53-39B3AD4A99CC}.Debug|Any CPU.Build.0 = Debug|Any CPU
		{748D8A85-EDE7-4932-8B53-39B3AD4A99CC}.Debug|Mixed Platforms.ActiveCfg = Debug|Any CPU
		{748D8A85-EDE7-4932-8B53-39B3AD4A99CC}.Debug|Mixed Platforms.Build.0 = Debug|Any CPU
		{748D8A85-EDE7-4932-8B53-39B3AD4A99CC}.Debug|x86.ActiveCfg = Debug|Any CPU
		{748D8A85-EDE7-4932-8B53-39B3AD4A99CC}.Release|Any CPU.ActiveCfg = Release|Any CPU
		{748D8A85-EDE7-4932-8B53-39B3AD4A99CC}.Release|Any CPU.Build.0 = Release|Any CPU
		{748D8A85-EDE7-4932-8B53-39B3AD4A99CC}.Release|Mixed Platforms.ActiveCfg = Release|Any CPU
		{748D8A85-EDE7-4932-8B53-39B3AD4A99CC}.Release|Mixed Platforms.Build.0 = Release|Any CPU
		{748D8A85-EDE7-4932-8B53-39B3AD4A99CC}.Release|x86.ActiveCfg = Release|Any CPU
		{1F0C37DD-31AF-4E16-B232-352A68C47C1A}.Debug|Any CPU.ActiveCfg = Debug|Any CPU
		{1F0C37DD-31AF-4E16-B232-352A68C47C1A}.Debug|Any CPU.Build.0 = Debug|Any CPU
		{1F0C37DD-31AF-4E16-B232-352A68C47C1A}.Debug|Mixed Platforms.ActiveCfg = Debug|Any CPU
		{1F0C37DD-31AF-4E16-B232-352A68C47C1A}.Debug|Mixed Platforms.Build.0 = Debug|Any CPU
		{1F0C37DD-31AF-4E16-B232-352A68C47C1A}.Debug|x86.ActiveCfg = Debug|Any CPU
		{1F0C37DD-31AF-4E16-B232-352A68C47C1A}.Release|Any CPU.ActiveCfg = Release|Any CPU
		{1F0C37DD-31AF-4E16-B232-352A68C47C1A}.Release|Any CPU.Build.0 = Release|Any CPU
		{1F0C37DD-31AF-4E16-B232-352A68C47C1A}.Release|Mixed Platforms.ActiveCfg = Release|Any CPU
		{1F0C37DD-31AF-4E16-B232-352A68C47C1A}.Release|Mixed Platforms.Build.0 = Release|Any CPU
		{1F0C37DD-31AF-4E16-B232-352A68C47C1A}.Release|x86.ActiveCfg = Release|Any CPU
		{0CE79006-9DF8-4EE5-8AF5-9A81EB2512B0}.Debug|Any CPU.ActiveCfg = Debug|Any CPU
		{0CE79006-9DF8-4EE5-8AF5-9A81EB2512B0}.Debug|Any CPU.Build.0 = Debug|Any CPU
		{0CE79006-9DF8-4EE5-8AF5-9A81EB2512B0}.Debug|Mixed Platforms.ActiveCfg = Debug|Any CPU
		{0CE79006-9DF8-4EE5-8AF5-9A81EB2512B0}.Debug|Mixed Platforms.Build.0 = Debug|Any CPU
		{0CE79006-9DF8-4EE5-8AF5-9A81EB2512B0}.Debug|x86.ActiveCfg = Debug|Any CPU
		{0CE79006-9DF8-4EE5-8AF5-9A81EB2512B0}.Release|Any CPU.ActiveCfg = Release|Any CPU
		{0CE79006-9DF8-4EE5-8AF5-9A81EB2512B0}.Release|Any CPU.Build.0 = Release|Any CPU
		{0CE79006-9DF8-4EE5-8AF5-9A81EB2512B0}.Release|Mixed Platforms.ActiveCfg = Release|Any CPU
		{0CE79006-9DF8-4EE5-8AF5-9A81EB2512B0}.Release|Mixed Platforms.Build.0 = Release|Any CPU
		{0CE79006-9DF8-4EE5-8AF5-9A81EB2512B0}.Release|x86.ActiveCfg = Release|Any CPU
		{E376048F-72B5-4199-9882-E73E16B22C26}.Debug|Any CPU.ActiveCfg = Debug|Any CPU
		{E376048F-72B5-4199-9882-E73E16B22C26}.Debug|Any CPU.Build.0 = Debug|Any CPU
		{E376048F-72B5-4199-9882-E73E16B22C26}.Debug|Mixed Platforms.ActiveCfg = Debug|Any CPU
		{E376048F-72B5-4199-9882-E73E16B22C26}.Debug|Mixed Platforms.Build.0 = Debug|Any CPU
		{E376048F-72B5-4199-9882-E73E16B22C26}.Debug|x86.ActiveCfg = Debug|Any CPU
		{E376048F-72B5-4199-9882-E73E16B22C26}.Release|Any CPU.ActiveCfg = Release|Any CPU
		{E376048F-72B5-4199-9882-E73E16B22C26}.Release|Any CPU.Build.0 = Release|Any CPU
		{E376048F-72B5-4199-9882-E73E16B22C26}.Release|Mixed Platforms.ActiveCfg = Release|Any CPU
		{E376048F-72B5-4199-9882-E73E16B22C26}.Release|Mixed Platforms.Build.0 = Release|Any CPU
		{E376048F-72B5-4199-9882-E73E16B22C26}.Release|x86.ActiveCfg = Release|Any CPU
		{EE581504-4D07-4B80-A667-78610D270A30}.Debug|Any CPU.ActiveCfg = Debug|Any CPU
		{EE581504-4D07-4B80-A667-78610D270A30}.Debug|Any CPU.Build.0 = Debug|Any CPU
		{EE581504-4D07-4B80-A667-78610D270A30}.Debug|Mixed Platforms.ActiveCfg = Debug|Any CPU
		{EE581504-4D07-4B80-A667-78610D270A30}.Debug|Mixed Platforms.Build.0 = Debug|Any CPU
		{EE581504-4D07-4B80-A667-78610D270A30}.Debug|x86.ActiveCfg = Debug|Any CPU
		{EE581504-4D07-4B80-A667-78610D270A30}.Release|Any CPU.ActiveCfg = Release|Any CPU
		{EE581504-4D07-4B80-A667-78610D270A30}.Release|Any CPU.Build.0 = Release|Any CPU
		{EE581504-4D07-4B80-A667-78610D270A30}.Release|Mixed Platforms.ActiveCfg = Release|Any CPU
		{EE581504-4D07-4B80-A667-78610D270A30}.Release|Mixed Platforms.Build.0 = Release|Any CPU
		{EE581504-4D07-4B80-A667-78610D270A30}.Release|x86.ActiveCfg = Release|Any CPU
		{8E38F997-A5D2-4541-BC0E-D06B2180E5A6}.Debug|Any CPU.ActiveCfg = Debug|Any CPU
		{8E38F997-A5D2-4541-BC0E-D06B2180E5A6}.Debug|Any CPU.Build.0 = Debug|Any CPU
		{8E38F997-A5D2-4541-BC0E-D06B2180E5A6}.Debug|Mixed Platforms.ActiveCfg = Debug|Any CPU
		{8E38F997-A5D2-4541-BC0E-D06B2180E5A6}.Debug|Mixed Platforms.Build.0 = Debug|Any CPU
		{8E38F997-A5D2-4541-BC0E-D06B2180E5A6}.Debug|x86.ActiveCfg = Debug|Any CPU
		{8E38F997-A5D2-4541-BC0E-D06B2180E5A6}.Release|Any CPU.ActiveCfg = Release|Any CPU
		{8E38F997-A5D2-4541-BC0E-D06B2180E5A6}.Release|Any CPU.Build.0 = Release|Any CPU
		{8E38F997-A5D2-4541-BC0E-D06B2180E5A6}.Release|Mixed Platforms.ActiveCfg = Release|Any CPU
		{8E38F997-A5D2-4541-BC0E-D06B2180E5A6}.Release|Mixed Platforms.Build.0 = Release|Any CPU
		{8E38F997-A5D2-4541-BC0E-D06B2180E5A6}.Release|x86.ActiveCfg = Release|Any CPU
		{81FDFC33-AD86-48C7-9952-0676E554B904}.Debug|Any CPU.ActiveCfg = Debug|Any CPU
		{81FDFC33-AD86-48C7-9952-0676E554B904}.Debug|Any CPU.Build.0 = Debug|Any CPU
		{81FDFC33-AD86-48C7-9952-0676E554B904}.Debug|Mixed Platforms.ActiveCfg = Debug|Any CPU
		{81FDFC33-AD86-48C7-9952-0676E554B904}.Debug|Mixed Platforms.Build.0 = Debug|Any CPU
		{81FDFC33-AD86-48C7-9952-0676E554B904}.Debug|x86.ActiveCfg = Debug|Any CPU
		{81FDFC33-AD86-48C7-9952-0676E554B904}.Release|Any CPU.ActiveCfg = Release|Any CPU
		{81FDFC33-AD86-48C7-9952-0676E554B904}.Release|Any CPU.Build.0 = Release|Any CPU
		{81FDFC33-AD86-48C7-9952-0676E554B904}.Release|Mixed Platforms.ActiveCfg = Release|Any CPU
		{81FDFC33-AD86-48C7-9952-0676E554B904}.Release|Mixed Platforms.Build.0 = Release|Any CPU
		{81FDFC33-AD86-48C7-9952-0676E554B904}.Release|x86.ActiveCfg = Release|Any CPU
		{E99B073A-8236-4D0E-B1B2-96E120136513}.Debug|Any CPU.ActiveCfg = Debug|Any CPU
		{E99B073A-8236-4D0E-B1B2-96E120136513}.Debug|Any CPU.Build.0 = Debug|Any CPU
		{E99B073A-8236-4D0E-B1B2-96E120136513}.Debug|Mixed Platforms.ActiveCfg = Debug|Any CPU
		{E99B073A-8236-4D0E-B1B2-96E120136513}.Debug|Mixed Platforms.Build.0 = Debug|Any CPU
		{E99B073A-8236-4D0E-B1B2-96E120136513}.Debug|x86.ActiveCfg = Debug|Any CPU
		{E99B073A-8236-4D0E-B1B2-96E120136513}.Release|Any CPU.ActiveCfg = Release|Any CPU
		{E99B073A-8236-4D0E-B1B2-96E120136513}.Release|Any CPU.Build.0 = Release|Any CPU
		{E99B073A-8236-4D0E-B1B2-96E120136513}.Release|Mixed Platforms.ActiveCfg = Release|Any CPU
		{E99B073A-8236-4D0E-B1B2-96E120136513}.Release|Mixed Platforms.Build.0 = Release|Any CPU
		{E99B073A-8236-4D0E-B1B2-96E120136513}.Release|x86.ActiveCfg = Release|Any CPU
		{B0CE50D2-3BEF-4C16-8576-046A4E868AD1}.Debug|Any CPU.ActiveCfg = Debug|Any CPU
		{B0CE50D2-3BEF-4C16-8576-046A4E868AD1}.Debug|Any CPU.Build.0 = Debug|Any CPU
		{B0CE50D2-3BEF-4C16-8576-046A4E868AD1}.Debug|Mixed Platforms.ActiveCfg = Debug|Any CPU
		{B0CE50D2-3BEF-4C16-8576-046A4E868AD1}.Debug|Mixed Platforms.Build.0 = Debug|Any CPU
		{B0CE50D2-3BEF-4C16-8576-046A4E868AD1}.Debug|x86.ActiveCfg = Debug|Any CPU
		{B0CE50D2-3BEF-4C16-8576-046A4E868AD1}.Release|Any CPU.ActiveCfg = Release|Any CPU
		{B0CE50D2-3BEF-4C16-8576-046A4E868AD1}.Release|Any CPU.Build.0 = Release|Any CPU
		{B0CE50D2-3BEF-4C16-8576-046A4E868AD1}.Release|Mixed Platforms.ActiveCfg = Release|Any CPU
		{B0CE50D2-3BEF-4C16-8576-046A4E868AD1}.Release|Mixed Platforms.Build.0 = Release|Any CPU
		{B0CE50D2-3BEF-4C16-8576-046A4E868AD1}.Release|x86.ActiveCfg = Release|Any CPU
		{49D6240E-FE55-4846-A016-FF74C0B5D6A1}.Debug|Any CPU.ActiveCfg = Debug|Any CPU
		{49D6240E-FE55-4846-A016-FF74C0B5D6A1}.Debug|Any CPU.Build.0 = Debug|Any CPU
		{49D6240E-FE55-4846-A016-FF74C0B5D6A1}.Debug|Mixed Platforms.ActiveCfg = Debug|Any CPU
		{49D6240E-FE55-4846-A016-FF74C0B5D6A1}.Debug|Mixed Platforms.Build.0 = Debug|Any CPU
		{49D6240E-FE55-4846-A016-FF74C0B5D6A1}.Debug|x86.ActiveCfg = Debug|Any CPU
		{49D6240E-FE55-4846-A016-FF74C0B5D6A1}.Release|Any CPU.ActiveCfg = Release|Any CPU
		{49D6240E-FE55-4846-A016-FF74C0B5D6A1}.Release|Any CPU.Build.0 = Release|Any CPU
		{49D6240E-FE55-4846-A016-FF74C0B5D6A1}.Release|Mixed Platforms.ActiveCfg = Release|Any CPU
		{49D6240E-FE55-4846-A016-FF74C0B5D6A1}.Release|Mixed Platforms.Build.0 = Release|Any CPU
		{49D6240E-FE55-4846-A016-FF74C0B5D6A1}.Release|x86.ActiveCfg = Release|Any CPU
		{1620D447-0768-40F6-B755-B420ED6A731C}.Debug|Any CPU.ActiveCfg = Debug|Any CPU
		{1620D447-0768-40F6-B755-B420ED6A731C}.Debug|Any CPU.Build.0 = Debug|Any CPU
		{1620D447-0768-40F6-B755-B420ED6A731C}.Debug|Mixed Platforms.ActiveCfg = Debug|Any CPU
		{1620D447-0768-40F6-B755-B420ED6A731C}.Debug|Mixed Platforms.Build.0 = Debug|Any CPU
		{1620D447-0768-40F6-B755-B420ED6A731C}.Debug|x86.ActiveCfg = Debug|Any CPU
		{1620D447-0768-40F6-B755-B420ED6A731C}.Release|Any CPU.ActiveCfg = Release|Any CPU
		{1620D447-0768-40F6-B755-B420ED6A731C}.Release|Any CPU.Build.0 = Release|Any CPU
		{1620D447-0768-40F6-B755-B420ED6A731C}.Release|Mixed Platforms.ActiveCfg = Release|Any CPU
		{1620D447-0768-40F6-B755-B420ED6A731C}.Release|Mixed Platforms.Build.0 = Release|Any CPU
		{1620D447-0768-40F6-B755-B420ED6A731C}.Release|x86.ActiveCfg = Release|Any CPU
		{9269DB2B-0CB2-4584-A08A-D6080F42F732}.Debug|Any CPU.ActiveCfg = Debug|Any CPU
		{9269DB2B-0CB2-4584-A08A-D6080F42F732}.Debug|Any CPU.Build.0 = Debug|Any CPU
		{9269DB2B-0CB2-4584-A08A-D6080F42F732}.Debug|Mixed Platforms.ActiveCfg = Debug|Any CPU
		{9269DB2B-0CB2-4584-A08A-D6080F42F732}.Debug|Mixed Platforms.Build.0 = Debug|Any CPU
		{9269DB2B-0CB2-4584-A08A-D6080F42F732}.Debug|x86.ActiveCfg = Debug|Any CPU
		{9269DB2B-0CB2-4584-A08A-D6080F42F732}.Release|Any CPU.ActiveCfg = Release|Any CPU
		{9269DB2B-0CB2-4584-A08A-D6080F42F732}.Release|Any CPU.Build.0 = Release|Any CPU
		{9269DB2B-0CB2-4584-A08A-D6080F42F732}.Release|Mixed Platforms.ActiveCfg = Release|Any CPU
		{9269DB2B-0CB2-4584-A08A-D6080F42F732}.Release|Mixed Platforms.Build.0 = Release|Any CPU
		{9269DB2B-0CB2-4584-A08A-D6080F42F732}.Release|x86.ActiveCfg = Release|Any CPU
	EndGlobalSection
	GlobalSection(SolutionProperties) = preSolution
		HideSolutionNode = FALSE
	EndGlobalSection
	GlobalSection(NestedProjects) = preSolution
		{E511F63F-F352-400D-9DEB-7931E3E3A2E0} = {A9F85E6A-18F8-4AF5-8752-2A017D0B916A}
		{A7B2066A-3A1B-48C7-B264-2B9322F6ACB1} = {A9F85E6A-18F8-4AF5-8752-2A017D0B916A}
		{ADF52F5A-5091-4121-9AD7-DCBB5BD23498} = {A9F85E6A-18F8-4AF5-8752-2A017D0B916A}
		{465CFA73-287B-4371-8F52-7A00E4FC32E3} = {F6C3E70A-9A59-46E9-BF07-EF71D09E1D5A}
		{1F36C2CA-B998-430F-B4D3-4FFDCC917B22} = {F6C3E70A-9A59-46E9-BF07-EF71D09E1D5A}
		{F3BEF819-1614-4941-A45A-FD4878DA8775} = {F6C3E70A-9A59-46E9-BF07-EF71D09E1D5A}
		{4B3F3B61-DB4C-4DB5-AD1F-F32D541D4C90} = {F6C3E70A-9A59-46E9-BF07-EF71D09E1D5A}
		{8B0ED599-0FB5-4814-819A-B2E4EEC19D28} = {F6C3E70A-9A59-46E9-BF07-EF71D09E1D5A}
		{3DEE6F0F-C5F7-4F1C-A4EA-65E00331DD4C} = {F6C3E70A-9A59-46E9-BF07-EF71D09E1D5A}
		{66777EB9-0571-4192-8218-5EF048033D22} = {F6C3E70A-9A59-46E9-BF07-EF71D09E1D5A}
		{88674B55-283C-48A2-929F-3B3748B85E7E} = {F6C3E70A-9A59-46E9-BF07-EF71D09E1D5A}
		{46281C29-CE39-4EAC-A55B-35B1DFDB1058} = {F6C3E70A-9A59-46E9-BF07-EF71D09E1D5A}
		{748D8A85-EDE7-4932-8B53-39B3AD4A99CC} = {F6C3E70A-9A59-46E9-BF07-EF71D09E1D5A}
		{1F0C37DD-31AF-4E16-B232-352A68C47C1A} = {F6C3E70A-9A59-46E9-BF07-EF71D09E1D5A}
		{0CE79006-9DF8-4EE5-8AF5-9A81EB2512B0} = {F6C3E70A-9A59-46E9-BF07-EF71D09E1D5A}
		{E376048F-72B5-4199-9882-E73E16B22C26} = {1294999D-E392-4DDF-A6DE-C9E0EB300230}
		{BF7C9DF4-C013-462E-955C-8869CD2B67F5} = {07C4CAFE-930E-4302-8D24-2F93B64CB09A}
		{A6F16937-CF34-47D4-8348-5EE9D52582F7} = {07C4CAFE-930E-4302-8D24-2F93B64CB09A}
		{86DF5B9E-0BBA-4CF6-B840-C583637BCB6B} = {07C4CAFE-930E-4302-8D24-2F93B64CB09A}
		{BBD07614-F6C4-4181-B415-4ACA15907801} = {07C4CAFE-930E-4302-8D24-2F93B64CB09A}
		{BC7B15F6-F33D-4B64-B5E0-E61B6B80FECC} = {07C4CAFE-930E-4302-8D24-2F93B64CB09A}
		{EE581504-4D07-4B80-A667-78610D270A30} = {F6C3E70A-9A59-46E9-BF07-EF71D09E1D5A}
		{8E38F997-A5D2-4541-BC0E-D06B2180E5A6} = {F6C3E70A-9A59-46E9-BF07-EF71D09E1D5A}
		{81FDFC33-AD86-48C7-9952-0676E554B904} = {F6C3E70A-9A59-46E9-BF07-EF71D09E1D5A}
		{E99B073A-8236-4D0E-B1B2-96E120136513} = {F6C3E70A-9A59-46E9-BF07-EF71D09E1D5A}
		{B0CE50D2-3BEF-4C16-8576-046A4E868AD1} = {F6C3E70A-9A59-46E9-BF07-EF71D09E1D5A}
		{49D6240E-FE55-4846-A016-FF74C0B5D6A1} = {F6C3E70A-9A59-46E9-BF07-EF71D09E1D5A}
		{DA144981-7E4F-4D7A-A72C-EDFE92527DEB} = {07C4CAFE-930E-4302-8D24-2F93B64CB09A}
		{AD732A6C-4BAE-49ED-A82B-842B31389B5D} = {07C4CAFE-930E-4302-8D24-2F93B64CB09A}
		{BBEE937B-B70D-4F84-84A5-8A77A6DE4556} = {07C4CAFE-930E-4302-8D24-2F93B64CB09A}
		{D8D738A3-85AD-417E-8049-3B060A464E36} = {07C4CAFE-930E-4302-8D24-2F93B64CB09A}
		{1620D447-0768-40F6-B755-B420ED6A731C} = {1294999D-E392-4DDF-A6DE-C9E0EB300230}
		{9269DB2B-0CB2-4584-A08A-D6080F42F732} = {F6C3E70A-9A59-46E9-BF07-EF71D09E1D5A}
		{0644FF2A-94B6-41CD-84EA-1DF1D3B7B8E3} = {07C4CAFE-930E-4302-8D24-2F93B64CB09A}
		{E41FE476-D1AC-43F0-AE06-428C5975BCD6} = {07C4CAFE-930E-4302-8D24-2F93B64CB09A}
	EndGlobalSection
EndGlobal
