
Microsoft Visual Studio Solution File, Format Version 12.00
# Visual Studio 2012
Project("{2150E333-8FDC-42A3-9474-1A3956D46DE8}") = "Core", "Core", "{A9F85E6A-18F8-4AF5-8752-2A017D0B916A}"
EndProject
Project("{2150E333-8FDC-42A3-9474-1A3956D46DE8}") = "WebServices", "WebServices", "{F6C3E70A-9A59-46E9-BF07-EF71D09E1D5A}"
EndProject
Project("{FAE04EC0-301F-11D3-BF4B-00C04F79EFBC}") = "ClienteOCR", "ClienteOCR\ClienteOCR.csproj", "{52946175-4D1A-46B7-AE57-7FA933B9C95A}"
EndProject
Project("{FAE04EC0-301F-11D3-BF4B-00C04F79EFBC}") = "TestesManuais", "TestesManuais\TestesManuais.csproj", "{86D1A1CE-5B2B-4D02-8527-8D1D0450285F}"
EndProject
Project("{FAE04EC0-301F-11D3-BF4B-00C04F79EFBC}") = "Common", "Core\Common\Common.csproj", "{E511F63F-F352-400D-9DEB-7931E3E3A2E0}"
EndProject
Project("{FAE04EC0-301F-11D3-BF4B-00C04F79EFBC}") = "Data", "Core\Data\Data.csproj", "{A7B2066A-3A1B-48C7-B264-2B9322F6ACB1}"
EndProject
Project("{FAE04EC0-301F-11D3-BF4B-00C04F79EFBC}") = "Logic", "Core\Logic\Logic.csproj", "{ADF52F5A-5091-4121-9AD7-DCBB5BD23498}"
EndProject
Project("{FAE04EC0-301F-11D3-BF4B-00C04F79EFBC}") = "WebAM", "WebServices\WebAM\WebAM.csproj", "{465CFA73-287B-4371-8F52-7A00E4FC32E3}"
EndProject
Project("{FAE04EC0-301F-11D3-BF4B-00C04F79EFBC}") = "WebCA", "WebServices\WebCA\WebCA.csproj", "{1F36C2CA-B998-430F-B4D3-4FFDCC917B22}"
EndProject
Project("{FAE04EC0-301F-11D3-BF4B-00C04F79EFBC}") = "WebCM", "WebServices\WebCM\WebCM.csproj", "{F3BEF819-1614-4941-A45A-FD4878DA8775}"
EndProject
Project("{FAE04EC0-301F-11D3-BF4B-00C04F79EFBC}") = "WebCommon", "WebServices\WebCommon\WebCommon.csproj", "{4B3F3B61-DB4C-4DB5-AD1F-F32D541D4C90}"
EndProject
Project("{FAE04EC0-301F-11D3-BF4B-00C04F79EFBC}") = "WebCRJ", "WebServices\WebCRJ\WebCRJ.csproj", "{8B0ED599-0FB5-4814-819A-B2E4EEC19D28}"
EndProject
Project("{FAE04EC0-301F-11D3-BF4B-00C04F79EFBC}") = "WebGateway", "WebServices\WebGateway\WebGateway.csproj", "{3DEE6F0F-C5F7-4F1C-A4EA-65E00331DD4C}"
EndProject
Project("{FAE04EC0-301F-11D3-BF4B-00C04F79EFBC}") = "WebMG", "WebServices\WebMG\WebMG.csproj", "{66777EB9-0571-4192-8218-5EF048033D22}"
EndProject
Project("{FAE04EC0-301F-11D3-BF4B-00C04F79EFBC}") = "WebNFE", "WebServices\WebNFE\WebNFE.csproj", "{88674B55-283C-48A2-929F-3B3748B85E7E}"
EndProject
Project("{FAE04EC0-301F-11D3-BF4B-00C04F79EFBC}") = "WebRJ", "WebServices\WebRJ\WebRJ.csproj", "{46281C29-CE39-4EAC-A55B-35B1DFDB1058}"
EndProject
Project("{FAE04EC0-301F-11D3-BF4B-00C04F79EFBC}") = "WebSI", "WebServices\WebSI\WebSI.csproj", "{748D8A85-EDE7-4932-8B53-39B3AD4A99CC}"
EndProject
Project("{FAE04EC0-301F-11D3-BF4B-00C04F79EFBC}") = "WebSP", "WebServices\WebSP\WebSP.csproj", "{1F0C37DD-31AF-4E16-B232-352A68C47C1A}"
EndProject
Project("{FAE04EC0-301F-11D3-BF4B-00C04F79EFBC}") = "WebRF", "WebServices\WebRF\WebRF.csproj", "{0CE79006-9DF8-4EE5-8AF5-9A81EB2512B0}"
EndProject
Global
	GlobalSection(SolutionConfigurationPlatforms) = preSolution
		Debug|Any CPU = Debug|Any CPU
		Debug|Mixed Platforms = Debug|Mixed Platforms
		Debug|x86 = Debug|x86
		Release|Any CPU = Release|Any CPU
		Release|Mixed Platforms = Release|Mixed Platforms
		Release|x86 = Release|x86
	EndGlobalSection
	GlobalSection(ProjectConfigurationPlatforms) = postSolution
		{52946175-4D1A-46B7-AE57-7FA933B9C95A}.Debug|Any CPU.ActiveCfg = Debug|x86
		{52946175-4D1A-46B7-AE57-7FA933B9C95A}.Debug|Mixed Platforms.ActiveCfg = Debug|x86
		{52946175-4D1A-46B7-AE57-7FA933B9C95A}.Debug|Mixed Platforms.Build.0 = Debug|x86
		{52946175-4D1A-46B7-AE57-7FA933B9C95A}.Debug|x86.ActiveCfg = Debug|x86
		{52946175-4D1A-46B7-AE57-7FA933B9C95A}.Debug|x86.Build.0 = Debug|x86
		{52946175-4D1A-46B7-AE57-7FA933B9C95A}.Release|Any CPU.ActiveCfg = Release|x86
		{52946175-4D1A-46B7-AE57-7FA933B9C95A}.Release|Mixed Platforms.ActiveCfg = Release|x86
		{52946175-4D1A-46B7-AE57-7FA933B9C95A}.Release|Mixed Platforms.Build.0 = Release|x86
		{52946175-4D1A-46B7-AE57-7FA933B9C95A}.Release|x86.ActiveCfg = Release|x86
		{52946175-4D1A-46B7-AE57-7FA933B9C95A}.Release|x86.Build.0 = Release|x86
		{86D1A1CE-5B2B-4D02-8527-8D1D0450285F}.Debug|Any CPU.ActiveCfg = Debug|x86
		{86D1A1CE-5B2B-4D02-8527-8D1D0450285F}.Debug|Mixed Platforms.ActiveCfg = Debug|x86
		{86D1A1CE-5B2B-4D02-8527-8D1D0450285F}.Debug|Mixed Platforms.Build.0 = Debug|x86
		{86D1A1CE-5B2B-4D02-8527-8D1D0450285F}.Debug|x86.ActiveCfg = Debug|x86
		{86D1A1CE-5B2B-4D02-8527-8D1D0450285F}.Debug|x86.Build.0 = Debug|x86
		{86D1A1CE-5B2B-4D02-8527-8D1D0450285F}.Release|Any CPU.ActiveCfg = Release|x86
		{86D1A1CE-5B2B-4D02-8527-8D1D0450285F}.Release|Mixed Platforms.ActiveCfg = Release|x86
		{86D1A1CE-5B2B-4D02-8527-8D1D0450285F}.Release|Mixed Platforms.Build.0 = Release|x86
		{86D1A1CE-5B2B-4D02-8527-8D1D0450285F}.Release|x86.ActiveCfg = Release|x86
		{86D1A1CE-5B2B-4D02-8527-8D1D0450285F}.Release|x86.Build.0 = Release|x86
		{E511F63F-F352-400D-9DEB-7931E3E3A2E0}.Debug|Any CPU.ActiveCfg = Debug|Any CPU
		{E511F63F-F352-400D-9DEB-7931E3E3A2E0}.Debug|Any CPU.Build.0 = Debug|Any CPU
		{E511F63F-F352-400D-9DEB-7931E3E3A2E0}.Debug|Mixed Platforms.ActiveCfg = Debug|Any CPU
		{E511F63F-F352-400D-9DEB-7931E3E3A2E0}.Debug|Mixed Platforms.Build.0 = Debug|Any CPU
		{E511F63F-F352-400D-9DEB-7931E3E3A2E0}.Debug|x86.ActiveCfg = Debug|Any CPU
		{E511F63F-F352-400D-9DEB-7931E3E3A2E0}.Release|Any CPU.ActiveCfg = Release|Any CPU
		{E511F63F-F352-400D-9DEB-7931E3E3A2E0}.Release|Any CPU.Build.0 = Release|Any CPU
		{E511F63F-F352-400D-9DEB-7931E3E3A2E0}.Release|Mixed Platforms.ActiveCfg = Release|Any CPU
		{E511F63F-F352-400D-9DEB-7931E3E3A2E0}.Release|Mixed Platforms.Build.0 = Release|Any CPU
		{E511F63F-F352-400D-9DEB-7931E3E3A2E0}.Release|x86.ActiveCfg = Release|Any CPU
		{A7B2066A-3A1B-48C7-B264-2B9322F6ACB1}.Debug|Any CPU.ActiveCfg = Debug|Any CPU
		{A7B2066A-3A1B-48C7-B264-2B9322F6ACB1}.Debug|Any CPU.Build.0 = Debug|Any CPU
		{A7B2066A-3A1B-48C7-B264-2B9322F6ACB1}.Debug|Mixed Platforms.ActiveCfg = Debug|Any CPU
		{A7B2066A-3A1B-48C7-B264-2B9322F6ACB1}.Debug|Mixed Platforms.Build.0 = Debug|Any CPU
		{A7B2066A-3A1B-48C7-B264-2B9322F6ACB1}.Debug|x86.ActiveCfg = Debug|Any CPU
		{A7B2066A-3A1B-48C7-B264-2B9322F6ACB1}.Release|Any CPU.ActiveCfg = Release|Any CPU
		{A7B2066A-3A1B-48C7-B264-2B9322F6ACB1}.Release|Any CPU.Build.0 = Release|Any CPU
		{A7B2066A-3A1B-48C7-B264-2B9322F6ACB1}.Release|Mixed Platforms.ActiveCfg = Release|Any CPU
		{A7B2066A-3A1B-48C7-B264-2B9322F6ACB1}.Release|Mixed Platforms.Build.0 = Release|Any CPU
		{A7B2066A-3A1B-48C7-B264-2B9322F6ACB1}.Release|x86.ActiveCfg = Release|Any CPU
		{ADF52F5A-5091-4121-9AD7-DCBB5BD23498}.Debug|Any CPU.ActiveCfg = Debug|Any CPU
		{ADF52F5A-5091-4121-9AD7-DCBB5BD23498}.Debug|Any CPU.Build.0 = Debug|Any CPU
		{ADF52F5A-5091-4121-9AD7-DCBB5BD23498}.Debug|Mixed Platforms.ActiveCfg = Debug|Any CPU
		{ADF52F5A-5091-4121-9AD7-DCBB5BD23498}.Debug|Mixed Platforms.Build.0 = Debug|Any CPU
		{ADF52F5A-5091-4121-9AD7-DCBB5BD23498}.Debug|x86.ActiveCfg = Debug|Any CPU
		{ADF52F5A-5091-4121-9AD7-DCBB5BD23498}.Release|Any CPU.ActiveCfg = Release|Any CPU
		{ADF52F5A-5091-4121-9AD7-DCBB5BD23498}.Release|Any CPU.Build.0 = Release|Any CPU
		{ADF52F5A-5091-4121-9AD7-DCBB5BD23498}.Release|Mixed Platforms.ActiveCfg = Release|Any CPU
		{ADF52F5A-5091-4121-9AD7-DCBB5BD23498}.Release|Mixed Platforms.Build.0 = Release|Any CPU
		{ADF52F5A-5091-4121-9AD7-DCBB5BD23498}.Release|x86.ActiveCfg = Release|Any CPU
		{465CFA73-287B-4371-8F52-7A00E4FC32E3}.Debug|Any CPU.ActiveCfg = Debug|Any CPU
		{465CFA73-287B-4371-8F52-7A00E4FC32E3}.Debug|Any CPU.Build.0 = Debug|Any CPU
		{465CFA73-287B-4371-8F52-7A00E4FC32E3}.Debug|Mixed Platforms.ActiveCfg = Debug|Any CPU
		{465CFA73-287B-4371-8F52-7A00E4FC32E3}.Debug|Mixed Platforms.Build.0 = Debug|Any CPU
		{465CFA73-287B-4371-8F52-7A00E4FC32E3}.Debug|x86.ActiveCfg = Debug|Any CPU
		{465CFA73-287B-4371-8F52-7A00E4FC32E3}.Release|Any CPU.ActiveCfg = Release|Any CPU
		{465CFA73-287B-4371-8F52-7A00E4FC32E3}.Release|Any CPU.Build.0 = Release|Any CPU
		{465CFA73-287B-4371-8F52-7A00E4FC32E3}.Release|Mixed Platforms.ActiveCfg = Release|Any CPU
		{465CFA73-287B-4371-8F52-7A00E4FC32E3}.Release|Mixed Platforms.Build.0 = Release|Any CPU
		{465CFA73-287B-4371-8F52-7A00E4FC32E3}.Release|x86.ActiveCfg = Release|Any CPU
		{1F36C2CA-B998-430F-B4D3-4FFDCC917B22}.Debug|Any CPU.ActiveCfg = Debug|Any CPU
		{1F36C2CA-B998-430F-B4D3-4FFDCC917B22}.Debug|Any CPU.Build.0 = Debug|Any CPU
		{1F36C2CA-B998-430F-B4D3-4FFDCC917B22}.Debug|Mixed Platforms.ActiveCfg = Debug|Any CPU
		{1F36C2CA-B998-430F-B4D3-4FFDCC917B22}.Debug|Mixed Platforms.Build.0 = Debug|Any CPU
		{1F36C2CA-B998-430F-B4D3-4FFDCC917B22}.Debug|x86.ActiveCfg = Debug|Any CPU
		{1F36C2CA-B998-430F-B4D3-4FFDCC917B22}.Release|Any CPU.ActiveCfg = Release|Any CPU
		{1F36C2CA-B998-430F-B4D3-4FFDCC917B22}.Release|Any CPU.Build.0 = Release|Any CPU
		{1F36C2CA-B998-430F-B4D3-4FFDCC917B22}.Release|Mixed Platforms.ActiveCfg = Release|Any CPU
		{1F36C2CA-B998-430F-B4D3-4FFDCC917B22}.Release|Mixed Platforms.Build.0 = Release|Any CPU
		{1F36C2CA-B998-430F-B4D3-4FFDCC917B22}.Release|x86.ActiveCfg = Release|Any CPU
		{F3BEF819-1614-4941-A45A-FD4878DA8775}.Debug|Any CPU.ActiveCfg = Debug|Any CPU
		{F3BEF819-1614-4941-A45A-FD4878DA8775}.Debug|Any CPU.Build.0 = Debug|Any CPU
		{F3BEF819-1614-4941-A45A-FD4878DA8775}.Debug|Mixed Platforms.ActiveCfg = Debug|Any CPU
		{F3BEF819-1614-4941-A45A-FD4878DA8775}.Debug|Mixed Platforms.Build.0 = Debug|Any CPU
		{F3BEF819-1614-4941-A45A-FD4878DA8775}.Debug|x86.ActiveCfg = Debug|Any CPU
		{F3BEF819-1614-4941-A45A-FD4878DA8775}.Release|Any CPU.ActiveCfg = Release|Any CPU
		{F3BEF819-1614-4941-A45A-FD4878DA8775}.Release|Any CPU.Build.0 = Release|Any CPU
		{F3BEF819-1614-4941-A45A-FD4878DA8775}.Release|Mixed Platforms.ActiveCfg = Release|Any CPU
		{F3BEF819-1614-4941-A45A-FD4878DA8775}.Release|Mixed Platforms.Build.0 = Release|Any CPU
		{F3BEF819-1614-4941-A45A-FD4878DA8775}.Release|x86.ActiveCfg = Release|Any CPU
		{4B3F3B61-DB4C-4DB5-AD1F-F32D541D4C90}.Debug|Any CPU.ActiveCfg = Debug|Any CPU
		{4B3F3B61-DB4C-4DB5-AD1F-F32D541D4C90}.Debug|Any CPU.Build.0 = Debug|Any CPU
		{4B3F3B61-DB4C-4DB5-AD1F-F32D541D4C90}.Debug|Mixed Platforms.ActiveCfg = Debug|Any CPU
		{4B3F3B61-DB4C-4DB5-AD1F-F32D541D4C90}.Debug|Mixed Platforms.Build.0 = Debug|Any CPU
		{4B3F3B61-DB4C-4DB5-AD1F-F32D541D4C90}.Debug|x86.ActiveCfg = Debug|Any CPU
		{4B3F3B61-DB4C-4DB5-AD1F-F32D541D4C90}.Release|Any CPU.ActiveCfg = Release|Any CPU
		{4B3F3B61-DB4C-4DB5-AD1F-F32D541D4C90}.Release|Any CPU.Build.0 = Release|Any CPU
		{4B3F3B61-DB4C-4DB5-AD1F-F32D541D4C90}.Release|Mixed Platforms.ActiveCfg = Release|Any CPU
		{4B3F3B61-DB4C-4DB5-AD1F-F32D541D4C90}.Release|Mixed Platforms.Build.0 = Release|Any CPU
		{4B3F3B61-DB4C-4DB5-AD1F-F32D541D4C90}.Release|x86.ActiveCfg = Release|Any CPU
		{8B0ED599-0FB5-4814-819A-B2E4EEC19D28}.Debug|Any CPU.ActiveCfg = Debug|Any CPU
		{8B0ED599-0FB5-4814-819A-B2E4EEC19D28}.Debug|Any CPU.Build.0 = Debug|Any CPU
		{8B0ED599-0FB5-4814-819A-B2E4EEC19D28}.Debug|Mixed Platforms.ActiveCfg = Debug|Any CPU
		{8B0ED599-0FB5-4814-819A-B2E4EEC19D28}.Debug|Mixed Platforms.Build.0 = Debug|Any CPU
		{8B0ED599-0FB5-4814-819A-B2E4EEC19D28}.Debug|x86.ActiveCfg = Debug|Any CPU
		{8B0ED599-0FB5-4814-819A-B2E4EEC19D28}.Release|Any CPU.ActiveCfg = Release|Any CPU
		{8B0ED599-0FB5-4814-819A-B2E4EEC19D28}.Release|Any CPU.Build.0 = Release|Any CPU
		{8B0ED599-0FB5-4814-819A-B2E4EEC19D28}.Release|Mixed Platforms.ActiveCfg = Release|Any CPU
		{8B0ED599-0FB5-4814-819A-B2E4EEC19D28}.Release|Mixed Platforms.Build.0 = Release|Any CPU
		{8B0ED599-0FB5-4814-819A-B2E4EEC19D28}.Release|x86.ActiveCfg = Release|Any CPU
		{3DEE6F0F-C5F7-4F1C-A4EA-65E00331DD4C}.Debug|Any CPU.ActiveCfg = Debug|Any CPU
		{3DEE6F0F-C5F7-4F1C-A4EA-65E00331DD4C}.Debug|Any CPU.Build.0 = Debug|Any CPU
		{3DEE6F0F-C5F7-4F1C-A4EA-65E00331DD4C}.Debug|Mixed Platforms.ActiveCfg = Debug|Any CPU
		{3DEE6F0F-C5F7-4F1C-A4EA-65E00331DD4C}.Debug|Mixed Platforms.Build.0 = Debug|Any CPU
		{3DEE6F0F-C5F7-4F1C-A4EA-65E00331DD4C}.Debug|x86.ActiveCfg = Debug|Any CPU
		{3DEE6F0F-C5F7-4F1C-A4EA-65E00331DD4C}.Release|Any CPU.ActiveCfg = Release|Any CPU
		{3DEE6F0F-C5F7-4F1C-A4EA-65E00331DD4C}.Release|Any CPU.Build.0 = Release|Any CPU
		{3DEE6F0F-C5F7-4F1C-A4EA-65E00331DD4C}.Release|Mixed Platforms.ActiveCfg = Release|Any CPU
		{3DEE6F0F-C5F7-4F1C-A4EA-65E00331DD4C}.Release|Mixed Platforms.Build.0 = Release|Any CPU
		{3DEE6F0F-C5F7-4F1C-A4EA-65E00331DD4C}.Release|x86.ActiveCfg = Release|Any CPU
		{66777EB9-0571-4192-8218-5EF048033D22}.Debug|Any CPU.ActiveCfg = Debug|Any CPU
		{66777EB9-0571-4192-8218-5EF048033D22}.Debug|Any CPU.Build.0 = Debug|Any CPU
		{66777EB9-0571-4192-8218-5EF048033D22}.Debug|Mixed Platforms.ActiveCfg = Debug|Any CPU
		{66777EB9-0571-4192-8218-5EF048033D22}.Debug|Mixed Platforms.Build.0 = Debug|Any CPU
		{66777EB9-0571-4192-8218-5EF048033D22}.Debug|x86.ActiveCfg = Debug|Any CPU
		{66777EB9-0571-4192-8218-5EF048033D22}.Release|Any CPU.ActiveCfg = Release|Any CPU
		{66777EB9-0571-4192-8218-5EF048033D22}.Release|Any CPU.Build.0 = Release|Any CPU
		{66777EB9-0571-4192-8218-5EF048033D22}.Release|Mixed Platforms.ActiveCfg = Release|Any CPU
		{66777EB9-0571-4192-8218-5EF048033D22}.Release|Mixed Platforms.Build.0 = Release|Any CPU
		{66777EB9-0571-4192-8218-5EF048033D22}.Release|x86.ActiveCfg = Release|Any CPU
		{88674B55-283C-48A2-929F-3B3748B85E7E}.Debug|Any CPU.ActiveCfg = Debug|Any CPU
		{88674B55-283C-48A2-929F-3B3748B85E7E}.Debug|Any CPU.Build.0 = Debug|Any CPU
		{88674B55-283C-48A2-929F-3B3748B85E7E}.Debug|Mixed Platforms.ActiveCfg = Debug|Any CPU
		{88674B55-283C-48A2-929F-3B3748B85E7E}.Debug|Mixed Platforms.Build.0 = Debug|Any CPU
		{88674B55-283C-48A2-929F-3B3748B85E7E}.Debug|x86.ActiveCfg = Debug|Any CPU
		{88674B55-283C-48A2-929F-3B3748B85E7E}.Release|Any CPU.ActiveCfg = Release|Any CPU
		{88674B55-283C-48A2-929F-3B3748B85E7E}.Release|Any CPU.Build.0 = Release|Any CPU
		{88674B55-283C-48A2-929F-3B3748B85E7E}.Release|Mixed Platforms.ActiveCfg = Release|Any CPU
		{88674B55-283C-48A2-929F-3B3748B85E7E}.Release|Mixed Platforms.Build.0 = Release|Any CPU
		{88674B55-283C-48A2-929F-3B3748B85E7E}.Release|x86.ActiveCfg = Release|Any CPU
		{46281C29-CE39-4EAC-A55B-35B1DFDB1058}.Debug|Any CPU.ActiveCfg = Debug|Any CPU
		{46281C29-CE39-4EAC-A55B-35B1DFDB1058}.Debug|Any CPU.Build.0 = Debug|Any CPU
		{46281C29-CE39-4EAC-A55B-35B1DFDB1058}.Debug|Mixed Platforms.ActiveCfg = Debug|Any CPU
		{46281C29-CE39-4EAC-A55B-35B1DFDB1058}.Debug|Mixed Platforms.Build.0 = Debug|Any CPU
		{46281C29-CE39-4EAC-A55B-35B1DFDB1058}.Debug|x86.ActiveCfg = Debug|Any CPU
		{46281C29-CE39-4EAC-A55B-35B1DFDB1058}.Release|Any CPU.ActiveCfg = Release|Any CPU
		{46281C29-CE39-4EAC-A55B-35B1DFDB1058}.Release|Any CPU.Build.0 = Release|Any CPU
		{46281C29-CE39-4EAC-A55B-35B1DFDB1058}.Release|Mixed Platforms.ActiveCfg = Release|Any CPU
		{46281C29-CE39-4EAC-A55B-35B1DFDB1058}.Release|Mixed Platforms.Build.0 = Release|Any CPU
		{46281C29-CE39-4EAC-A55B-35B1DFDB1058}.Release|x86.ActiveCfg = Release|Any CPU
		{748D8A85-EDE7-4932-8B53-39B3AD4A99CC}.Debug|Any CPU.ActiveCfg = Debug|Any CPU
		{748D8A85-EDE7-4932-8B53-39B3AD4A99CC}.Debug|Any CPU.Build.0 = Debug|Any CPU
		{748D8A85-EDE7-4932-8B53-39B3AD4A99CC}.Debug|Mixed Platforms.ActiveCfg = Debug|Any CPU
		{748D8A85-EDE7-4932-8B53-39B3AD4A99CC}.Debug|Mixed Platforms.Build.0 = Debug|Any CPU
		{748D8A85-EDE7-4932-8B53-39B3AD4A99CC}.Debug|x86.ActiveCfg = Debug|Any CPU
		{748D8A85-EDE7-4932-8B53-39B3AD4A99CC}.Release|Any CPU.ActiveCfg = Release|Any CPU
		{748D8A85-EDE7-4932-8B53-39B3AD4A99CC}.Release|Any CPU.Build.0 = Release|Any CPU
		{748D8A85-EDE7-4932-8B53-39B3AD4A99CC}.Release|Mixed Platforms.ActiveCfg = Release|Any CPU
		{748D8A85-EDE7-4932-8B53-39B3AD4A99CC}.Release|Mixed Platforms.Build.0 = Release|Any CPU
		{748D8A85-EDE7-4932-8B53-39B3AD4A99CC}.Release|x86.ActiveCfg = Release|Any CPU
		{1F0C37DD-31AF-4E16-B232-352A68C47C1A}.Debug|Any CPU.ActiveCfg = Debug|Any CPU
		{1F0C37DD-31AF-4E16-B232-352A68C47C1A}.Debug|Any CPU.Build.0 = Debug|Any CPU
		{1F0C37DD-31AF-4E16-B232-352A68C47C1A}.Debug|Mixed Platforms.ActiveCfg = Debug|Any CPU
		{1F0C37DD-31AF-4E16-B232-352A68C47C1A}.Debug|Mixed Platforms.Build.0 = Debug|Any CPU
		{1F0C37DD-31AF-4E16-B232-352A68C47C1A}.Debug|x86.ActiveCfg = Debug|Any CPU
		{1F0C37DD-31AF-4E16-B232-352A68C47C1A}.Release|Any CPU.ActiveCfg = Release|Any CPU
		{1F0C37DD-31AF-4E16-B232-352A68C47C1A}.Release|Any CPU.Build.0 = Release|Any CPU
		{1F0C37DD-31AF-4E16-B232-352A68C47C1A}.Release|Mixed Platforms.ActiveCfg = Release|Any CPU
		{1F0C37DD-31AF-4E16-B232-352A68C47C1A}.Release|Mixed Platforms.Build.0 = Release|Any CPU
		{1F0C37DD-31AF-4E16-B232-352A68C47C1A}.Release|x86.ActiveCfg = Release|Any CPU
		{0CE79006-9DF8-4EE5-8AF5-9A81EB2512B0}.Debug|Any CPU.ActiveCfg = Debug|Any CPU
		{0CE79006-9DF8-4EE5-8AF5-9A81EB2512B0}.Debug|Any CPU.Build.0 = Debug|Any CPU
		{0CE79006-9DF8-4EE5-8AF5-9A81EB2512B0}.Debug|Mixed Platforms.ActiveCfg = Debug|Any CPU
		{0CE79006-9DF8-4EE5-8AF5-9A81EB2512B0}.Debug|Mixed Platforms.Build.0 = Debug|Any CPU
		{0CE79006-9DF8-4EE5-8AF5-9A81EB2512B0}.Debug|x86.ActiveCfg = Debug|Any CPU
		{0CE79006-9DF8-4EE5-8AF5-9A81EB2512B0}.Release|Any CPU.ActiveCfg = Release|Any CPU
		{0CE79006-9DF8-4EE5-8AF5-9A81EB2512B0}.Release|Any CPU.Build.0 = Release|Any CPU
		{0CE79006-9DF8-4EE5-8AF5-9A81EB2512B0}.Release|Mixed Platforms.ActiveCfg = Release|Any CPU
		{0CE79006-9DF8-4EE5-8AF5-9A81EB2512B0}.Release|Mixed Platforms.Build.0 = Release|Any CPU
		{0CE79006-9DF8-4EE5-8AF5-9A81EB2512B0}.Release|x86.ActiveCfg = Release|Any CPU
	EndGlobalSection
	GlobalSection(SolutionProperties) = preSolution
		HideSolutionNode = FALSE
	EndGlobalSection
	GlobalSection(NestedProjects) = preSolution
		{E511F63F-F352-400D-9DEB-7931E3E3A2E0} = {A9F85E6A-18F8-4AF5-8752-2A017D0B916A}
		{A7B2066A-3A1B-48C7-B264-2B9322F6ACB1} = {A9F85E6A-18F8-4AF5-8752-2A017D0B916A}
		{ADF52F5A-5091-4121-9AD7-DCBB5BD23498} = {A9F85E6A-18F8-4AF5-8752-2A017D0B916A}
		{465CFA73-287B-4371-8F52-7A00E4FC32E3} = {F6C3E70A-9A59-46E9-BF07-EF71D09E1D5A}
		{1F36C2CA-B998-430F-B4D3-4FFDCC917B22} = {F6C3E70A-9A59-46E9-BF07-EF71D09E1D5A}
		{F3BEF819-1614-4941-A45A-FD4878DA8775} = {F6C3E70A-9A59-46E9-BF07-EF71D09E1D5A}
		{4B3F3B61-DB4C-4DB5-AD1F-F32D541D4C90} = {F6C3E70A-9A59-46E9-BF07-EF71D09E1D5A}
		{8B0ED599-0FB5-4814-819A-B2E4EEC19D28} = {F6C3E70A-9A59-46E9-BF07-EF71D09E1D5A}
		{3DEE6F0F-C5F7-4F1C-A4EA-65E00331DD4C} = {F6C3E70A-9A59-46E9-BF07-EF71D09E1D5A}
		{66777EB9-0571-4192-8218-5EF048033D22} = {F6C3E70A-9A59-46E9-BF07-EF71D09E1D5A}
		{88674B55-283C-48A2-929F-3B3748B85E7E} = {F6C3E70A-9A59-46E9-BF07-EF71D09E1D5A}
		{46281C29-CE39-4EAC-A55B-35B1DFDB1058} = {F6C3E70A-9A59-46E9-BF07-EF71D09E1D5A}
		{748D8A85-EDE7-4932-8B53-39B3AD4A99CC} = {F6C3E70A-9A59-46E9-BF07-EF71D09E1D5A}
		{1F0C37DD-31AF-4E16-B232-352A68C47C1A} = {F6C3E70A-9A59-46E9-BF07-EF71D09E1D5A}
		{0CE79006-9DF8-4EE5-8AF5-9A81EB2512B0} = {F6C3E70A-9A59-46E9-BF07-EF71D09E1D5A}
	EndGlobalSection
EndGlobal
